
Microsoft Visual Studio Solution File, Format Version 12.00
# Visual Studio Version 17
VisualStudioVersion = 17.7.34031.279
MinimumVisualStudioVersion = 10.0.40219.1
Project("{FAE04EC0-301F-11D3-BF4B-00C04F79EFBC}") = "MonkeJetpack", "MonkeJetpack\MonkeJetpack.csproj", "{D90A0F86-ADB2-4575-AA0A-578F4A4B8E29}"
EndProject
Global
	GlobalSection(SolutionConfigurationPlatforms) = preSolution
		Debug|Any CPU = Debug|Any CPU
		Release|Any CPU = Release|Any CPU
	EndGlobalSection
	GlobalSection(ProjectConfigurationPlatforms) = postSolution
		{D90A0F86-ADB2-4575-AA0A-578F4A4B8E29}.Debug|Any CPU.ActiveCfg = Debug|Any CPU
		{D90A0F86-ADB2-4575-AA0A-578F4A4B8E29}.Debug|Any CPU.Build.0 = Debug|Any CPU
		{D90A0F86-ADB2-4575-AA0A-578F4A4B8E29}.Release|Any CPU.ActiveCfg = Release|Any CPU
		{D90A0F86-ADB2-4575-AA0A-578F4A4B8E29}.Release|Any CPU.Build.0 = Release|Any CPU
	EndGlobalSection
	GlobalSection(SolutionProperties) = preSolution
		HideSolutionNode = FALSE
	EndGlobalSection
	GlobalSection(ExtensibilityGlobals) = postSolution
		SolutionGuid = {CDFD3554-B4D0-497A-B2A0-69B74E6CE195}
	EndGlobalSection
EndGlobal
